
Microsoft Visual Studio Solution File, Format Version 12.00
# Visual Studio Version 17
VisualStudioVersion = 17.8.34316.72
MinimumVisualStudioVersion = 10.0.40219.1
Project("{9A19103F-16F7-4668-BE54-9A1E7A4F7556}") = "Web1", "Web1\Web1.csproj", "{3936D824-876C-45DF-8051-FF5512323BFC}"
EndProject
Project("{FAE04EC0-301F-11D3-BF4B-00C04F79EFBC}") = "Fihrist", "Fihrist\Fihrist.csproj", "{990BA8F5-6BCA-4793-A4F2-E5641D025B2B}"
EndProject
Global
	GlobalSection(SolutionConfigurationPlatforms) = preSolution
		Debug|Any CPU = Debug|Any CPU
		Release|Any CPU = Release|Any CPU
	EndGlobalSection
	GlobalSection(ProjectConfigurationPlatforms) = postSolution
		{3936D824-876C-45DF-8051-FF5512323BFC}.Debug|Any CPU.ActiveCfg = Debug|Any CPU
		{3936D824-876C-45DF-8051-FF5512323BFC}.Debug|Any CPU.Build.0 = Debug|Any CPU
		{3936D824-876C-45DF-8051-FF5512323BFC}.Release|Any CPU.ActiveCfg = Release|Any CPU
		{3936D824-876C-45DF-8051-FF5512323BFC}.Release|Any CPU.Build.0 = Release|Any CPU
		{990BA8F5-6BCA-4793-A4F2-E5641D025B2B}.Debug|Any CPU.ActiveCfg = Debug|Any CPU
		{990BA8F5-6BCA-4793-A4F2-E5641D025B2B}.Debug|Any CPU.Build.0 = Debug|Any CPU
		{990BA8F5-6BCA-4793-A4F2-E5641D025B2B}.Release|Any CPU.ActiveCfg = Release|Any CPU
		{990BA8F5-6BCA-4793-A4F2-E5641D025B2B}.Release|Any CPU.Build.0 = Release|Any CPU
	EndGlobalSection
	GlobalSection(SolutionProperties) = preSolution
		HideSolutionNode = FALSE
	EndGlobalSection
	GlobalSection(ExtensibilityGlobals) = postSolution
		SolutionGuid = {FE5E6AB6-6194-4C6C-8A8A-5D7922E580CB}
	EndGlobalSection
EndGlobal
